# This file is generated by running "yarn install" inside your project.
# Manual changes might be lost - proceed with caution!

__metadata:
  version: 4
  cacheKey: 7

"@babel/helper-plugin-utils@npm:^7.8.0":
  version: 7.14.5
  resolution: "@babel/helper-plugin-utils@npm:7.14.5"
  checksum: 76404ef3aadc25879f7b4c5945bafcca935d4af0cf451a95ff9f131f29ac3dc589e2ed19904ce746c7cf6c2a8a7ea33fa4eaf881b9b272d31f2be91984f505d6
  languageName: node
  linkType: hard

"@babel/plugin-syntax-object-rest-spread@npm:^7.8.3":
  version: 7.8.3
  resolution: "@babel/plugin-syntax-object-rest-spread@npm:7.8.3"
  dependencies:
    "@babel/helper-plugin-utils": ^7.8.0
  peerDependencies:
    "@babel/core": ^7.0.0-0
  checksum: db5dfb39faceddba8b80c586e331e17c3a1f79941f80eaa070b91fb920582bffe8bba46f6bebbdaf7c1f9b0bbe2a68493c28e1c9fb0ced864da739c0cd52ce43
  languageName: node
  linkType: hard

"react-dom@link:../node_modules/react-dom::locator=use-event-listeners-example%40workspace%3A.":
  version: 0.0.0-use.local
  resolution: "react-dom@link:../node_modules/react-dom::locator=use-event-listeners-example%40workspace%3A."
  languageName: node
  linkType: soft

"react-scripts@link:../node_modules/react-scripts::locator=use-event-listeners-example%40workspace%3A.":
  version: 0.0.0-use.local
  resolution: "react-scripts@link:../node_modules/react-scripts::locator=use-event-listeners-example%40workspace%3A."
  languageName: node
  linkType: soft

"react@link:../node_modules/react::locator=use-event-listeners-example%40workspace%3A.":
  version: 0.0.0-use.local
  resolution: "react@link:../node_modules/react::locator=use-event-listeners-example%40workspace%3A."
  languageName: node
  linkType: soft

"use-event-listeners-example@workspace:.":
  version: 0.0.0-use.local
  resolution: "use-event-listeners-example@workspace:."
  dependencies:
    "@babel/plugin-syntax-object-rest-spread": ^7.8.3
    react: "link:../node_modules/react"
    react-dom: "link:../node_modules/react-dom"
    react-scripts: "link:../node_modules/react-scripts"
    use-event-listeners: "link:.."
  languageName: unknown
  linkType: soft

"use-event-listeners@link:..::locator=use-event-listeners-example%40workspace%3A.":
  version: 0.0.0-use.local
  resolution: "use-event-listeners@link:..::locator=use-event-listeners-example%40workspace%3A."
  languageName: node
  linkType: soft
